
Microsoft Visual Studio Solution File, Format Version 12.00
# Visual Studio Version 16
VisualStudioVersion = 16.0.29519.87
MinimumVisualStudioVersion = 10.0.40219.1
Project("{FAE04EC0-301F-11D3-BF4B-00C04F79EFBC}") = "WpfApp14", "WpfApp14\WpfApp14.csproj", "{229BAF06-A9AC-4607-B32E-226409E09FEC}"
EndProject
Global
	GlobalSection(SolutionConfigurationPlatforms) = preSolution
		Debug|Any CPU = Debug|Any CPU
		Release|Any CPU = Release|Any CPU
	EndGlobalSection
	GlobalSection(ProjectConfigurationPlatforms) = postSolution
		{229BAF06-A9AC-4607-B32E-226409E09FEC}.Debug|Any CPU.ActiveCfg = Debug|Any CPU
		{229BAF06-A9AC-4607-B32E-226409E09FEC}.Debug|Any CPU.Build.0 = Debug|Any CPU
		{229BAF06-A9AC-4607-B32E-226409E09FEC}.Release|Any CPU.ActiveCfg = Release|Any CPU
		{229BAF06-A9AC-4607-B32E-226409E09FEC}.Release|Any CPU.Build.0 = Release|Any CPU
	EndGlobalSection
	GlobalSection(SolutionProperties) = preSolution
		HideSolutionNode = FALSE
	EndGlobalSection
	GlobalSection(ExtensibilityGlobals) = postSolution
		SolutionGuid = {D5F1CE86-D0AA-414C-AA93-6B03142EDD01}
	EndGlobalSection
EndGlobal
